
Microsoft Visual Studio Solution File, Format Version 12.00
# Visual Studio Version 17
VisualStudioVersion = 17.2.32516.85
MinimumVisualStudioVersion = 10.0.40219.1
Project("{FAE04EC0-301F-11D3-BF4B-00C04F79EFBC}") = "WebApiLibros", "WebApiLibros\WebApiLibros.csproj", "{611760B1-6CBA-47C6-A6D8-DDCABED83268}"
EndProject
Global
	GlobalSection(SolutionConfigurationPlatforms) = preSolution
		Debug|Any CPU = Debug|Any CPU
		Release|Any CPU = Release|Any CPU
	EndGlobalSection
	GlobalSection(ProjectConfigurationPlatforms) = postSolution
		{611760B1-6CBA-47C6-A6D8-DDCABED83268}.Debug|Any CPU.ActiveCfg = Debug|Any CPU
		{611760B1-6CBA-47C6-A6D8-DDCABED83268}.Debug|Any CPU.Build.0 = Debug|Any CPU
		{611760B1-6CBA-47C6-A6D8-DDCABED83268}.Release|Any CPU.ActiveCfg = Release|Any CPU
		{611760B1-6CBA-47C6-A6D8-DDCABED83268}.Release|Any CPU.Build.0 = Release|Any CPU
	EndGlobalSection
	GlobalSection(SolutionProperties) = preSolution
		HideSolutionNode = FALSE
	EndGlobalSection
	GlobalSection(ExtensibilityGlobals) = postSolution
		SolutionGuid = {CEF558A3-9846-4704-ADE4-5CAD20E0B0E1}
	EndGlobalSection
EndGlobal
